
Microsoft Visual Studio Solution File, Format Version 12.00
# Visual Studio Version 17
VisualStudioVersion = 17.14.36414.22
MinimumVisualStudioVersion = 10.0.40219.1
Project("{FAE04EC0-301F-11D3-BF4B-00C04F79EFBC}") = "Northwind.EntityModels", "Northwind.EntityModels\Northwind.EntityModels.csproj", "{E9FDB88F-3BCA-4DA6-A12A-741304803292}"
EndProject
Project("{FAE04EC0-301F-11D3-BF4B-00C04F79EFBC}") = "Northwind.DataContext", "Northwind.DataContext\Northwind.DataContext.csproj", "{36F153BC-989C-44CE-87E2-0497E7693080}"
EndProject
Project("{FAE04EC0-301F-11D3-BF4B-00C04F79EFBC}") = "Northwind.UnitTests", "Northwind.UnitTests\Northwind.UnitTests.csproj", "{37419BCD-C5FB-4F20-BF5A-07057F89FD2C}"
EndProject
Global
	GlobalSection(SolutionConfigurationPlatforms) = preSolution
		Debug|Any CPU = Debug|Any CPU
		Release|Any CPU = Release|Any CPU
	EndGlobalSection
	GlobalSection(ProjectConfigurationPlatforms) = postSolution
		{E9FDB88F-3BCA-4DA6-A12A-741304803292}.Debug|Any CPU.ActiveCfg = Debug|Any CPU
		{E9FDB88F-3BCA-4DA6-A12A-741304803292}.Debug|Any CPU.Build.0 = Debug|Any CPU
		{E9FDB88F-3BCA-4DA6-A12A-741304803292}.Release|Any CPU.ActiveCfg = Release|Any CPU
		{E9FDB88F-3BCA-4DA6-A12A-741304803292}.Release|Any CPU.Build.0 = Release|Any CPU
		{36F153BC-989C-44CE-87E2-0497E7693080}.Debug|Any CPU.ActiveCfg = Debug|Any CPU
		{36F153BC-989C-44CE-87E2-0497E7693080}.Debug|Any CPU.Build.0 = Debug|Any CPU
		{36F153BC-989C-44CE-87E2-0497E7693080}.Release|Any CPU.ActiveCfg = Release|Any CPU
		{36F153BC-989C-44CE-87E2-0497E7693080}.Release|Any CPU.Build.0 = Release|Any CPU
		{37419BCD-C5FB-4F20-BF5A-07057F89FD2C}.Debug|Any CPU.ActiveCfg = Debug|Any CPU
		{37419BCD-C5FB-4F20-BF5A-07057F89FD2C}.Debug|Any CPU.Build.0 = Debug|Any CPU
		{37419BCD-C5FB-4F20-BF5A-07057F89FD2C}.Release|Any CPU.ActiveCfg = Release|Any CPU
		{37419BCD-C5FB-4F20-BF5A-07057F89FD2C}.Release|Any CPU.Build.0 = Release|Any CPU
	EndGlobalSection
	GlobalSection(SolutionProperties) = preSolution
		HideSolutionNode = FALSE
	EndGlobalSection
	GlobalSection(ExtensibilityGlobals) = postSolution
		SolutionGuid = {9566EB9A-0AD5-4F64-9034-248FA09948AA}
	EndGlobalSection
EndGlobal
